{
  "nodes": {
    "disko": {
      "inputs": {
        "nixpkgs": [
          "nixpkgs"
        ]
      },
      "locked": {
        "lastModified": 1766150702,
        "narHash": "sha256-P0kM+5o+DKnB6raXgFEk3azw8Wqg5FL6wyl9jD+G5a4=",
        "owner": "nix-community",
        "repo": "disko",
        "rev": "916506443ecd0d0b4a0f4cf9d40a3c22ce39b378",
        "type": "github"
      },
      "original": {
        "owner": "nix-community",
        "repo": "disko",
        "type": "github"
      }
    },
    "impermanence": {
      "locked": {
        "lastModified": 1737831083,
        "narHash": "sha256-LJggUHbpyeDvNagTUrdhe/pRVp4pnS6wVKALS782gRI=",
        "owner": "nix-community",
        "repo": "impermanence",
        "rev": "4b3e914cdf97a5b536a889e939fb2fd2b043a170",
        "type": "github"
      },
      "original": {
        "owner": "nix-community",
        "repo": "impermanence",
        "type": "github"
      }
    },
    "nixlib": {
      "locked": {
        "lastModified": 1736643958,
        "narHash": "sha256-tmpqTSWVRJVhpvfSN9KXBvKEXplrwKnSZNAoNPf/S/s=",
        "owner": "nix-community",
        "repo": "nixpkgs.lib",
        "rev": "1418bc28a52126761c02dd3d89b2d8ca0f521181",
        "type": "github"
      },
      "original": {
        "owner": "nix-community",
        "repo": "nixpkgs.lib",
        "type": "github"
      }
    },
    "nixos-facter-modules": {
      "locked": {
        "lastModified": 1765442039,
        "narHash": "sha256-k3lYQ+A1F7aTz8HnlU++bd9t/x/NP2A4v9+x6opcVg0=",
        "owner": "numtide",
        "repo": "nixos-facter-modules",
        "rev": "9dd775ee92de63f14edd021d59416e18ac2c00f1",
        "type": "github"
      },
      "original": {
        "owner": "numtide",
        "repo": "nixos-facter-modules",
        "type": "github"
      }
    },
    "nixos-generators": {
      "inputs": {
        "nixlib": "nixlib",
        "nixpkgs": [
          "nixpkgs"
        ]
      },
      "locked": {
        "lastModified": 1764234087,
        "narHash": "sha256-NHF7QWa0ZPT8hsJrvijREW3+nifmF2rTXgS2v0tpcEA=",
        "owner": "nix-community",
        "repo": "nixos-generators",
        "rev": "032a1878682fafe829edfcf5fdfad635a2efe748",
        "type": "github"
      },
      "original": {
        "owner": "nix-community",
        "repo": "nixos-generators",
        "type": "github"
      }
    },
    "nixpkgs": {
      "locked": {
        "lastModified": 1766125104,
        "narHash": "sha256-l/YGrEpLromL4viUo5GmFH3K5M1j0Mb9O+LiaeCPWEM=",
        "owner": "NixOS",
        "repo": "nixpkgs",
        "rev": "7d853e518814cca2a657b72eeba67ae20ebf7059",
        "type": "github"
      },
      "original": {
        "owner": "NixOS",
        "ref": "nixpkgs-unstable",
        "repo": "nixpkgs",
        "type": "github"
      }
    },
    "root": {
      "inputs": {
        "disko": "disko",
        "impermanence": "impermanence",
        "nixos-facter-modules": "nixos-facter-modules",
        "nixos-generators": "nixos-generators",
        "nixpkgs": "nixpkgs"
      }
    }
  },
  "root": "root",
  "version": 7
}
